github.com/catppuccin/go v0.2.0 h1:ktBeIrIP42b/8FGiScP9sgrWOss3lw0Z5SktRoithGA=
github.com/catppuccin/go v0.2.0/go.mod h1:8IHJuMGaUUjQM82qBrGNBv7LFq6JI3NnQCF6MOlZjpc=
github.com/ebitengine/purego v0.8.0 h1:JbqvnEzRvPpxhCJzJJ2y0RbiZ8nyjccVUrSM3q+GvvE=
github.com/ebitengine/purego v0.8.0/go.mod h1:iIjxzd6CiRiOG0UyXP+V1+jWqUXVjPKLAI0mRfJZTmQ=
github.com/gen2brain/go-fitz v1.24.14 h1:09weRkjVtLYNGo7l0J7DyOwBExbwi8SJ9h8YPhw9WEo=
github.com/gen2brain/go-fitz v1.24.14/go.mod h1:0KaZeQgASc20Yp5R/pFzyy7SmP01XcoHKNF842U2/S4=
github.com/jupiterrider/ffi v0.2.0 h1:tMM70PexgYNmV+WyaYhJgCvQAvtTCs3wXeILPutihnA=
github.com/jupiterrider/ffi v0.2.0/go.mod h1:yqYqX5DdEccAsHeMn+6owkoI2llBLySVAF8dwCDZPVs=
golang.org/x/image v0.23.0 h1:HseQ7c2OpPKTPVzNjG5fwJsOTCiiwS4QdsYi5XU6H68=
golang.org/x/image v0.23.0/go.mod h1:wJJBTdLfCCf3tiHa1fNxpZmUI4mmoZvwMCPP0ddoNKY=
